
Microsoft Visual Studio Solution File, Format Version 12.00
# Visual Studio Version 17
VisualStudioVersion = 17.7.34031.279
MinimumVisualStudioVersion = 10.0.40219.1
Project("{8BC9CEB8-8B4A-11D0-8D11-00A0C91BC942}") = "11.09.2023", "11.09.2023\11.09.2023.vcxproj", "{E805C6D2-04FE-4DB9-992D-A3E699DD4515}"
EndProject
Global
	GlobalSection(SolutionConfigurationPlatforms) = preSolution
		Debug|x64 = Debug|x64
		Debug|x86 = Debug|x86
		Release|x64 = Release|x64
		Release|x86 = Release|x86
	EndGlobalSection
	GlobalSection(ProjectConfigurationPlatforms) = postSolution
		{E805C6D2-04FE-4DB9-992D-A3E699DD4515}.Debug|x64.ActiveCfg = Debug|x64
		{E805C6D2-04FE-4DB9-992D-A3E699DD4515}.Debug|x64.Build.0 = Debug|x64
		{E805C6D2-04FE-4DB9-992D-A3E699DD4515}.Debug|x86.ActiveCfg = Debug|Win32
		{E805C6D2-04FE-4DB9-992D-A3E699DD4515}.Debug|x86.Build.0 = Debug|Win32
		{E805C6D2-04FE-4DB9-992D-A3E699DD4515}.Release|x64.ActiveCfg = Release|x64
		{E805C6D2-04FE-4DB9-992D-A3E699DD4515}.Release|x64.Build.0 = Release|x64
		{E805C6D2-04FE-4DB9-992D-A3E699DD4515}.Release|x86.ActiveCfg = Release|Win32
		{E805C6D2-04FE-4DB9-992D-A3E699DD4515}.Release|x86.Build.0 = Release|Win32
	EndGlobalSection
	GlobalSection(SolutionProperties) = preSolution
		HideSolutionNode = FALSE
	EndGlobalSection
	GlobalSection(ExtensibilityGlobals) = postSolution
		SolutionGuid = {F2F3A57B-061C-47E9-9A55-12D398A31608}
	EndGlobalSection
EndGlobal
